
Microsoft Visual Studio Solution File, Format Version 12.00
# Visual Studio Version 17
VisualStudioVersion = 17.8.34525.116
MinimumVisualStudioVersion = 10.0.40219.1
Project("{9A19103F-16F7-4668-BE54-9A1E7A4F7556}") = "SourceGeneratorExtensions", "SourceGeneratorExtensions.csproj", "{4B560BE0-81E4-4009-A5D1-9CEB4DD126B5}"
EndProject
Global
	GlobalSection(SolutionConfigurationPlatforms) = preSolution
		Debug|Any CPU = Debug|Any CPU
		Release|Any CPU = Release|Any CPU
	EndGlobalSection
	GlobalSection(ProjectConfigurationPlatforms) = postSolution
		{4B560BE0-81E4-4009-A5D1-9CEB4DD126B5}.Debug|Any CPU.ActiveCfg = Debug|Any CPU
		{4B560BE0-81E4-4009-A5D1-9CEB4DD126B5}.Debug|Any CPU.Build.0 = Debug|Any CPU
		{4B560BE0-81E4-4009-A5D1-9CEB4DD126B5}.Release|Any CPU.ActiveCfg = Release|Any CPU
		{4B560BE0-81E4-4009-A5D1-9CEB4DD126B5}.Release|Any CPU.Build.0 = Release|Any CPU
	EndGlobalSection
	GlobalSection(SolutionProperties) = preSolution
		HideSolutionNode = FALSE
	EndGlobalSection
	GlobalSection(ExtensibilityGlobals) = postSolution
		SolutionGuid = {62624FDC-9352-4116-8FF6-53C583429214}
	EndGlobalSection
EndGlobal
